
Microsoft Visual Studio Solution File, Format Version 12.00
# Visual Studio Version 17
VisualStudioVersion = 17.1.32210.238
MinimumVisualStudioVersion = 10.0.40219.1
Project("{9A19103F-16F7-4668-BE54-9A1E7A4F7556}") = "CarRentalManagement.Server", "CarRentalManagement\Server\CarRentalManagement.Server.csproj", "{0AA6B455-B575-48FF-9BED-3E4A6C7FCCB5}"
EndProject
Project("{9A19103F-16F7-4668-BE54-9A1E7A4F7556}") = "CarRentalManagement.Client", "CarRentalManagement\Client\CarRentalManagement.Client.csproj", "{B2C7A506-E189-4CF5-A7B2-623F719F5F12}"
EndProject
Project("{9A19103F-16F7-4668-BE54-9A1E7A4F7556}") = "CarRentalManagement.Shared", "CarRentalManagement\Shared\CarRentalManagement.Shared.csproj", "{5B936267-F7BB-48C4-8093-9FE04263ED49}"
EndProject
Global
	GlobalSection(SolutionConfigurationPlatforms) = preSolution
		Debug|Any CPU = Debug|Any CPU
		Release|Any CPU = Release|Any CPU
	EndGlobalSection
	GlobalSection(ProjectConfigurationPlatforms) = postSolution
		{0AA6B455-B575-48FF-9BED-3E4A6C7FCCB5}.Debug|Any CPU.ActiveCfg = Debug|Any CPU
		{0AA6B455-B575-48FF-9BED-3E4A6C7FCCB5}.Debug|Any CPU.Build.0 = Debug|Any CPU
		{0AA6B455-B575-48FF-9BED-3E4A6C7FCCB5}.Release|Any CPU.ActiveCfg = Release|Any CPU
		{0AA6B455-B575-48FF-9BED-3E4A6C7FCCB5}.Release|Any CPU.Build.0 = Release|Any CPU
		{B2C7A506-E189-4CF5-A7B2-623F719F5F12}.Debug|Any CPU.ActiveCfg = Debug|Any CPU
		{B2C7A506-E189-4CF5-A7B2-623F719F5F12}.Debug|Any CPU.Build.0 = Debug|Any CPU
		{B2C7A506-E189-4CF5-A7B2-623F719F5F12}.Release|Any CPU.ActiveCfg = Release|Any CPU
		{B2C7A506-E189-4CF5-A7B2-623F719F5F12}.Release|Any CPU.Build.0 = Release|Any CPU
		{5B936267-F7BB-48C4-8093-9FE04263ED49}.Debug|Any CPU.ActiveCfg = Debug|Any CPU
		{5B936267-F7BB-48C4-8093-9FE04263ED49}.Debug|Any CPU.Build.0 = Debug|Any CPU
		{5B936267-F7BB-48C4-8093-9FE04263ED49}.Release|Any CPU.ActiveCfg = Release|Any CPU
		{5B936267-F7BB-48C4-8093-9FE04263ED49}.Release|Any CPU.Build.0 = Release|Any CPU
	EndGlobalSection
	GlobalSection(SolutionProperties) = preSolution
		HideSolutionNode = FALSE
	EndGlobalSection
	GlobalSection(ExtensibilityGlobals) = postSolution
		SolutionGuid = {903A566D-BDE0-4AEF-BFC1-D7EBE2EF0E97}
	EndGlobalSection
EndGlobal
